// !$*UTF8*$!
{
	archiveVersion = 1;
	classes = {
	};
	objectVersion = 50;
	objects = {

/* Begin PBXBuildFile section */
		4F16B95D26BBA9A300BF7402 /* NewPswViewController.swift in Sources */ = {isa = PBXBuildFile; fileRef = 4F16B95C26BBA9A300BF7402 /* NewPswViewController.swift */; };
		4F16B96126BBA9BD00BF7402 /* ForgotPswViewController.swift in Sources */ = {isa = PBXBuildFile; fileRef = 4F16B96026BBA9BD00BF7402 /* ForgotPswViewController.swift */; };
		4F16B96526BBA9D100BF7402 /* OTPViewController.swift in Sources */ = {isa = PBXBuildFile; fileRef = 4F16B96426BBA9D100BF7402 /* OTPViewController.swift */; };
		4F75CFC826BAC6C000C681DA /* AppDelegate.swift in Sources */ = {isa = PBXBuildFile; fileRef = 4F75CFC726BAC6C000C681DA /* AppDelegate.swift */; };
		4F75CFCA26BAC6C000C681DA /* SceneDelegate.swift in Sources */ = {isa = PBXBuildFile; fileRef = 4F75CFC926BAC6C000C681DA /* SceneDelegate.swift */; };
		4F75CFCC26BAC6C000C681DA /* LoginViewController.swift in Sources */ = {isa = PBXBuildFile; fileRef = 4F75CFCB26BAC6C000C681DA /* LoginViewController.swift */; };
		4F75CFCF26BAC6C100C681DA /* Main.storyboard in Resources */ = {isa = PBXBuildFile; fileRef = 4F75CFCD26BAC6C100C681DA /* Main.storyboard */; };
		4F75CFD126BAC6C600C681DA /* Assets.xcassets in Resources */ = {isa = PBXBuildFile; fileRef = 4F75CFD026BAC6C600C681DA /* Assets.xcassets */; };
		4F75CFD426BAC6C600C681DA /* LaunchScreen.storyboard in Resources */ = {isa = PBXBuildFile; fileRef = 4F75CFD226BAC6C600C681DA /* LaunchScreen.storyboard */; };
		5BBF54966AFA594171F37903 /* Pods_LoginFlow_MVVM.framework in Frameworks */ = {isa = PBXBuildFile; fileRef = 5E211CCD24C50CD895B7813A /* Pods_LoginFlow_MVVM.framework */; };
/* End PBXBuildFile section */

/* Begin PBXFileReference section */
		08161181B8200AE19FB4C153 /* Pods-LoginFlow_MVVM.release.xcconfig */ = {isa = PBXFileReference; includeInIndex = 1; lastKnownFileType = text.xcconfig; name = "Pods-LoginFlow_MVVM.release.xcconfig"; path = "Target Support Files/Pods-LoginFlow_MVVM/Pods-LoginFlow_MVVM.release.xcconfig"; sourceTree = "<group>"; };
		08D28858517B86040810A811 /* Pods-LoginFlow_MVVM.debug.xcconfig */ = {isa = PBXFileReference; includeInIndex = 1; lastKnownFileType = text.xcconfig; name = "Pods-LoginFlow_MVVM.debug.xcconfig"; path = "Target Support Files/Pods-LoginFlow_MVVM/Pods-LoginFlow_MVVM.debug.xcconfig"; sourceTree = "<group>"; };
		4F16B95C26BBA9A300BF7402 /* NewPswViewController.swift */ = {isa = PBXFileReference; lastKnownFileType = sourcecode.swift; path = NewPswViewController.swift; sourceTree = "<group>"; };
		4F16B96026BBA9BD00BF7402 /* ForgotPswViewController.swift */ = {isa = PBXFileReference; lastKnownFileType = sourcecode.swift; path = ForgotPswViewController.swift; sourceTree = "<group>"; };
		4F16B96426BBA9D100BF7402 /* OTPViewController.swift */ = {isa = PBXFileReference; lastKnownFileType = sourcecode.swift; path = OTPViewController.swift; sourceTree = "<group>"; };
		4F75CFC426BAC6C000C681DA /* LoginFlow_MVVM.app */ = {isa = PBXFileReference; explicitFileType = wrapper.application; includeInIndex = 0; path = LoginFlow_MVVM.app; sourceTree = BUILT_PRODUCTS_DIR; };
		4F75CFC726BAC6C000C681DA /* AppDelegate.swift */ = {isa = PBXFileReference; lastKnownFileType = sourcecode.swift; path = AppDelegate.swift; sourceTree = "<group>"; };
		4F75CFC926BAC6C000C681DA /* SceneDelegate.swift */ = {isa = PBXFileReference; lastKnownFileType = sourcecode.swift; path = SceneDelegate.swift; sourceTree = "<group>"; };
		4F75CFCB26BAC6C000C681DA /* LoginViewController.swift */ = {isa = PBXFileReference; lastKnownFileType = sourcecode.swift; path = LoginViewController.swift; sourceTree = "<group>"; };
		4F75CFCE26BAC6C100C681DA /* Base */ = {isa = PBXFileReference; lastKnownFileType = file.storyboard; name = Base; path = Base.lproj/Main.storyboard; sourceTree = "<group>"; };
		4F75CFD026BAC6C600C681DA /* Assets.xcassets */ = {isa = PBXFileReference; lastKnownFileType = folder.assetcatalog; path = Assets.xcassets; sourceTree = "<group>"; };
		4F75CFD326BAC6C600C681DA /* Base */ = {isa = PBXFileReference; lastKnownFileType = file.storyboard; name = Base; path = Base.lproj/LaunchScreen.storyboard; sourceTree = "<group>"; };
		4F75CFD526BAC6C600C681DA /* Info.plist */ = {isa = PBXFileReference; lastKnownFileType = text.plist.xml; path = Info.plist; sourceTree = "<group>"; };
		5E211CCD24C50CD895B7813A /* Pods_LoginFlow_MVVM.framework */ = {isa = PBXFileReference; explicitFileType = wrapper.framework; includeInIndex = 0; path = Pods_LoginFlow_MVVM.framework; sourceTree = BUILT_PRODUCTS_DIR; };
/* End PBXFileReference section */

/* Begin PBXFrameworksBuildPhase section */
		4F75CFC126BAC6C000C681DA /* Frameworks */ = {
			isa = PBXFrameworksBuildPhase;
			buildActionMask = 2147483647;
			files = (
				5BBF54966AFA594171F37903 /* Pods_LoginFlow_MVVM.framework in Frameworks */,
			);
			runOnlyForDeploymentPostprocessing = 0;
		};
/* End PBXFrameworksBuildPhase section */

/* Begin PBXGroup section */
		274A80365ED1579C66118AE1 /* Frameworks */ = {
			isa = PBXGroup;
			children = (
				5E211CCD24C50CD895B7813A /* Pods_LoginFlow_MVVM.framework */,
			);
			name = Frameworks;
			sourceTree = "<group>";
		};
		4D5FBD3D1AB5AADCF1B8BAA2 /* Pods */ = {
			isa = PBXGroup;
			children = (
				08D28858517B86040810A811 /* Pods-LoginFlow_MVVM.debug.xcconfig */,
				08161181B8200AE19FB4C153 /* Pods-LoginFlow_MVVM.release.xcconfig */,
			);
			name = Pods;
			path = Pods;
			sourceTree = "<group>";
		};
		4F75CFBB26BAC6C000C681DA = {
			isa = PBXGroup;
			children = (
				4F75CFC626BAC6C000C681DA /* LoginFlow_MVVM */,
				4F75CFC526BAC6C000C681DA /* Products */,
				4D5FBD3D1AB5AADCF1B8BAA2 /* Pods */,
				274A80365ED1579C66118AE1 /* Frameworks */,
			);
			sourceTree = "<group>";
		};
		4F75CFC526BAC6C000C681DA /* Products */ = {
			isa = PBXGroup;
			children = (
				4F75CFC426BAC6C000C681DA /* LoginFlow_MVVM.app */,
			);
			name = Products;
			sourceTree = "<group>";
		};
		4F75CFC626BAC6C000C681DA /* LoginFlow_MVVM */ = {
			isa = PBXGroup;
			children = (
				4F75CFC726BAC6C000C681DA /* AppDelegate.swift */,
				4F75CFC926BAC6C000C681DA /* SceneDelegate.swift */,
				4F75CFCB26BAC6C000C681DA /* LoginViewController.swift */,
				4F16B95C26BBA9A300BF7402 /* NewPswViewController.swift */,
				4F16B96026BBA9BD00BF7402 /* ForgotPswViewController.swift */,
				4F16B96426BBA9D100BF7402 /* OTPViewController.swift */,
				4F75CFCD26BAC6C100C681DA /* Main.storyboard */,
				4F75CFD026BAC6C600C681DA /* Assets.xcassets */,
				4F75CFD226BAC6C600C681DA /* LaunchScreen.storyboard */,
				4F75CFD526BAC6C600C681DA /* Info.plist */,
			);
			path = LoginFlow_MVVM;
			sourceTree = "<group>";
		};
/* End PBXGroup section */

/* Begin PBXNativeTarget section */
		4F75CFC326BAC6C000C681DA /* LoginFlow_MVVM */ = {
			isa = PBXNativeTarget;
			buildConfigurationList = 4F75CFD826BAC6C600C681DA /* Build configuration list for PBXNativeTarget "LoginFlow_MVVM" */;
			buildPhases = (
				8DC46B54E83743EED92FE5F5 /* [CP] Check Pods Manifest.lock */,
				4F75CFC026BAC6C000C681DA /* Sources */,
				4F75CFC126BAC6C000C681DA /* Frameworks */,
				4F75CFC226BAC6C000C681DA /* Resources */,
				42B0525F59DD717BD666A366 /* [CP] Embed Pods Frameworks */,
			);
			buildRules = (
			);
			dependencies = (
			);
			name = LoginFlow_MVVM;
			productName = LoginFlow_MVVM;
			productReference = 4F75CFC426BAC6C000C681DA /* LoginFlow_MVVM.app */;
			productType = "com.apple.product-type.application";
		};
/* End PBXNativeTarget section */

/* Begin PBXProject section */
		4F75CFBC26BAC6C000C681DA /* Project object */ = {
			isa = PBXProject;
			attributes = {
				LastSwiftUpdateCheck = 1240;
				LastUpgradeCheck = 1240;
				TargetAttributes = {
					4F75CFC326BAC6C000C681DA = {
						CreatedOnToolsVersion = 12.4;
					};
				};
			};
			buildConfigurationList = 4F75CFBF26BAC6C000C681DA /* Build configuration list for PBXProject "LoginFlow_MVVM" */;
			compatibilityVersion = "Xcode 9.3";
			developmentRegion = en;
			hasScannedForEncodings = 0;
			knownRegions = (
				en,
				Base,
			);
			mainGroup = 4F75CFBB26BAC6C000C681DA;
			productRefGroup = 4F75CFC526BAC6C000C681DA /* Products */;
			projectDirPath = "";
			projectRoot = "";
			targets = (
				4F75CFC326BAC6C000C681DA /* LoginFlow_MVVM */,
			);
		};
/* End PBXProject section */

/* Begin PBXResourcesBuildPhase section */
		4F75CFC226BAC6C000C681DA /* Resources */ = {
			isa = PBXResourcesBuildPhase;
			buildActionMask = 2147483647;
			files = (
				4F75CFD426BAC6C600C681DA /* LaunchScreen.storyboard in Resources */,
				4F75CFD126BAC6C600C681DA /* Assets.xcassets in Resources */,
				4F75CFCF26BAC6C100C681DA /* Main.storyboard in Resources */,
			);
			runOnlyForDeploymentPostprocessing = 0;
		};
/* End PBXResourcesBuildPhase section */

/* Begin PBXShellScriptBuildPhase section */
		42B0525F59DD717BD666A366 /* [CP] Embed Pods Frameworks */ = {
			isa = PBXShellScriptBuildPhase;
			buildActionMask = 2147483647;
			files = (
			);
			inputFileListPaths = (
				"${PODS_ROOT}/Target Support Files/Pods-LoginFlow_MVVM/Pods-LoginFlow_MVVM-frameworks-${CONFIGURATION}-input-files.xcfilelist",
			);
			name = "[CP] Embed Pods Frameworks";
			outputFileListPaths = (
				"${PODS_ROOT}/Target Support Files/Pods-LoginFlow_MVVM/Pods-LoginFlow_MVVM-frameworks-${CONFIGURATION}-output-files.xcfilelist",
			);
			runOnlyForDeploymentPostprocessing = 0;
			shellPath = /bin/sh;
			shellScript = "\"${PODS_ROOT}/Target Support Files/Pods-LoginFlow_MVVM/Pods-LoginFlow_MVVM-frameworks.sh\"\n";
			showEnvVarsInLog = 0;
		};
		8DC46B54E83743EED92FE5F5 /* [CP] Check Pods Manifest.lock */ = {
			isa = PBXShellScriptBuildPhase;
			buildActionMask = 2147483647;
			files = (
			);
			inputFileListPaths = (
			);
			inputPaths = (
				"${PODS_PODFILE_DIR_PATH}/Podfile.lock",
				"${PODS_ROOT}/Manifest.lock",
			);
			name = "[CP] Check Pods Manifest.lock";
			outputFileListPaths = (
			);
			outputPaths = (
				"$(DERIVED_FILE_DIR)/Pods-LoginFlow_MVVM-checkManifestLockResult.txt",
			);
			runOnlyForDeploymentPostprocessing = 0;
			shellPath = /bin/sh;
			shellScript = "diff \"${PODS_PODFILE_DIR_PATH}/Podfile.lock\" \"${PODS_ROOT}/Manifest.lock\" > /dev/null\nif [ $? != 0 ] ; then\n    # print error to STDERR\n    echo \"error: The sandbox is not in sync with the Podfile.lock. Run 'pod install' or update your CocoaPods installation.\" >&2\n    exit 1\nfi\n# This output is used by Xcode 'outputs' to avoid re-running this script phase.\necho \"SUCCESS\" > \"${SCRIPT_OUTPUT_FILE_0}\"\n";
			showEnvVarsInLog = 0;
		};
/* End PBXShellScriptBuildPhase section */

/* Begin PBXSourcesBuildPhase section */
		4F75CFC026BAC6C000C681DA /* Sources */ = {
			isa = PBXSourcesBuildPhase;
			buildActionMask = 2147483647;
			files = (
				4F75CFCC26BAC6C000C681DA /* LoginViewController.swift in Sources */,
				4F75CFC826BAC6C000C681DA /* AppDelegate.swift in Sources */,
				4F16B96126BBA9BD00BF7402 /* ForgotPswViewController.swift in Sources */,
				4F16B95D26BBA9A300BF7402 /* NewPswViewController.swift in Sources */,
				4F16B96526BBA9D100BF7402 /* OTPViewController.swift in Sources */,
				4F75CFCA26BAC6C000C681DA /* SceneDelegate.swift in Sources */,
			);
			runOnlyForDeploymentPostprocessing = 0;
		};
/* End PBXSourcesBuildPhase section */

/* Begin PBXVariantGroup section */
		4F75CFCD26BAC6C100C681DA /* Main.storyboard */ = {
			isa = PBXVariantGroup;
			children = (
				4F75CFCE26BAC6C100C681DA /* Base */,
			);
			name = Main.storyboard;
			sourceTree = "<group>";
		};
		4F75CFD226BAC6C600C681DA /* LaunchScreen.storyboard */ = {
			isa = PBXVariantGroup;
			children = (
				4F75CFD326BAC6C600C681DA /* Base */,
			);
			name = LaunchScreen.storyboard;
			sourceTree = "<group>";
		};
/* End PBXVariantGroup section */

/* Begin XCBuildConfiguration section */
		4F75CFD626BAC6C600C681DA /* Debug */ = {
			isa = XCBuildConfiguration;
			buildSettings = {
				ALWAYS_SEARCH_USER_PATHS = NO;
				CLANG_ANALYZER_NONNULL = YES;
				CLANG_ANALYZER_NUMBER_OBJECT_CONVERSION = YES_AGGRESSIVE;
				CLANG_CXX_LANGUAGE_STANDARD = "gnu++14";
				CLANG_CXX_LIBRARY = "libc++";
				CLANG_ENABLE_MODULES = YES;
				CLANG_ENABLE_OBJC_ARC = YES;
				CLANG_ENABLE_OBJC_WEAK = YES;
				CLANG_WARN_BLOCK_CAPTURE_AUTORELEASING = YES;
				CLANG_WARN_BOOL_CONVERSION = YES;
				CLANG_WARN_COMMA = YES;
				CLANG_WARN_CONSTANT_CONVERSION = YES;
				CLANG_WARN_DEPRECATED_OBJC_IMPLEMENTATIONS = YES;
				CLANG_WARN_DIRECT_OBJC_ISA_USAGE = YES_ERROR;
				CLANG_WARN_DOCUMENTATION_COMMENTS = YES;
				CLANG_WARN_EMPTY_BODY = YES;
				CLANG_WARN_ENUM_CONVERSION = YES;
				CLANG_WARN_INFINITE_RECURSION = YES;
				CLANG_WARN_INT_CONVERSION = YES;
				CLANG_WARN_NON_LITERAL_NULL_CONVERSION = YES;
				CLANG_WARN_OBJC_IMPLICIT_RETAIN_SELF = YES;
				CLANG_WARN_OBJC_LITERAL_CONVERSION = YES;
				CLANG_WARN_OBJC_ROOT_CLASS = YES_ERROR;
				CLANG_WARN_QUOTED_INCLUDE_IN_FRAMEWORK_HEADER = YES;
				CLANG_WARN_RANGE_LOOP_ANALYSIS = YES;
				CLANG_WARN_STRICT_PROTOTYPES = YES;
				CLANG_WARN_SUSPICIOUS_MOVE = YES;
				CLANG_WARN_UNGUARDED_AVAILABILITY = YES_AGGRESSIVE;
				CLANG_WARN_UNREACHABLE_CODE = YES;
				CLANG_WARN__DUPLICATE_METHOD_MATCH = YES;
				COPY_PHASE_STRIP = NO;
				DEBUG_INFORMATION_FORMAT = dwarf;
				ENABLE_STRICT_OBJC_MSGSEND = YES;
				ENABLE_TESTABILITY = YES;
				GCC_C_LANGUAGE_STANDARD = gnu11;
				GCC_DYNAMIC_NO_PIC = NO;
				GCC_NO_COMMON_BLOCKS = YES;
				GCC_OPTIMIZATION_LEVEL = 0;
				GCC_PREPROCESSOR_DEFINITIONS = (
					"DEBUG=1",
					"$(inherited)",
				);
				GCC_WARN_64_TO_32_BIT_CONVERSION = YES;
				GCC_WARN_ABOUT_RETURN_TYPE = YES_ERROR;
				GCC_WARN_UNDECLARED_SELECTOR = YES;
				GCC_WARN_UNINITIALIZED_AUTOS = YES_AGGRESSIVE;
				GCC_WARN_UNUSED_FUNCTION = YES;
				GCC_WARN_UNUSED_VARIABLE = YES;
				IPHONEOS_DEPLOYMENT_TARGET = 14.4;
				MTL_ENABLE_DEBUG_INFO = INCLUDE_SOURCE;
				MTL_FAST_MATH = YES;
				ONLY_ACTIVE_ARCH = YES;
				SDKROOT = iphoneos;
				SWIFT_ACTIVE_COMPILATION_CONDITIONS = DEBUG;
				SWIFT_OPTIMIZATION_LEVEL = "-Onone";
			};
			name = Debug;
		};
		4F75CFD726BAC6C600C681DA /* Release */ = {
			isa = XCBuildConfiguration;
			buildSettings = {
				ALWAYS_SEARCH_USER_PATHS = NO;
				CLANG_ANALYZER_NONNULL = YES;
				CLANG_ANALYZER_NUMBER_OBJECT_CONVERSION = YES_AGGRESSIVE;
				CLANG_CXX_LANGUAGE_STANDARD = "gnu++14";
				CLANG_CXX_LIBRARY = "libc++";
				CLANG_ENABLE_MODULES = YES;
				CLANG_ENABLE_OBJC_ARC = YES;
				CLANG_ENABLE_OBJC_WEAK = YES;
				CLANG_WARN_BLOCK_CAPTURE_AUTORELEASING = YES;
				CLANG_WARN_BOOL_CONVERSION = YES;
				CLANG_WARN_COMMA = YES;
				CLANG_WARN_CONSTANT_CONVERSION = YES;
				CLANG_WARN_DEPRECATED_OBJC_IMPLEMENTATIONS = YES;
				CLANG_WARN_DIRECT_OBJC_ISA_USAGE = YES_ERROR;
				CLANG_WARN_DOCUMENTATION_COMMENTS = YES;
				CLANG_WARN_EMPTY_BODY = YES;
				CLANG_WARN_ENUM_CONVERSION = YES;
				CLANG_WARN_INFINITE_RECURSION = YES;
				CLANG_WARN_INT_CONVERSION = YES;
				CLANG_WARN_NON_LITERAL_NULL_CONVERSION = YES;
				CLANG_WARN_OBJC_IMPLICIT_RETAIN_SELF = YES;
				CLANG_WARN_OBJC_LITERAL_CONVERSION = YES;
				CLANG_WARN_OBJC_ROOT_CLASS = YES_ERROR;
				CLANG_WARN_QUOTED_INCLUDE_IN_FRAMEWORK_HEADER = YES;
				CLANG_WARN_RANGE_LOOP_ANALYSIS = YES;
				CLANG_WARN_STRICT_PROTOTYPES = YES;
				CLANG_WARN_SUSPICIOUS_MOVE = YES;
				CLANG_WARN_UNGUARDED_AVAILABILITY = YES_AGGRESSIVE;
				CLANG_WARN_UNREACHABLE_CODE = YES;
				CLANG_WARN__DUPLICATE_METHOD_MATCH = YES;
				COPY_PHASE_STRIP = NO;
				DEBUG_INFORMATION_FORMAT = "dwarf-with-dsym";
				ENABLE_NS_ASSERTIONS = NO;
				ENABLE_STRICT_OBJC_MSGSEND = YES;
				GCC_C_LANGUAGE_STANDARD = gnu11;
				GCC_NO_COMMON_BLOCKS = YES;
				GCC_WARN_64_TO_32_BIT_CONVERSION = YES;
				GCC_WARN_ABOUT_RETURN_TYPE = YES_ERROR;
				GCC_WARN_UNDECLARED_SELECTOR = YES;
				GCC_WARN_UNINITIALIZED_AUTOS = YES_AGGRESSIVE;
				GCC_WARN_UNUSED_FUNCTION = YES;
				GCC_WARN_UNUSED_VARIABLE = YES;
				IPHONEOS_DEPLOYMENT_TARGET = 14.4;
				MTL_ENABLE_DEBUG_INFO = NO;
				MTL_FAST_MATH = YES;
				SDKROOT = iphoneos;
				SWIFT_COMPILATION_MODE = wholemodule;
				SWIFT_OPTIMIZATION_LEVEL = "-O";
				VALIDATE_PRODUCT = YES;
			};
			name = Release;
		};
		4F75CFD926BAC6C600C681DA /* Debug */ = {
			isa = XCBuildConfiguration;
			baseConfigurationReference = 08D28858517B86040810A811 /* Pods-LoginFlow_MVVM.debug.xcconfig */;
			buildSettings = {
				ASSETCATALOG_COMPILER_APPICON_NAME = AppIcon;
				ASSETCATALOG_COMPILER_GLOBAL_ACCENT_COLOR_NAME = AccentColor;
				CODE_SIGN_STYLE = Automatic;
				DEVELOPMENT_TEAM = 5UP34YLW4N;
				INFOPLIST_FILE = LoginFlow_MVVM/Info.plist;
				LD_RUNPATH_SEARCH_PATHS = (
					"$(inherited)",
					"@executable_path/Frameworks",
				);
				PRODUCT_BUNDLE_IDENTIFIER = "com.mindfire.LoginFlow-MVVM";
				PRODUCT_NAME = "$(TARGET_NAME)";
				SWIFT_VERSION = 5.0;
				TARGETED_DEVICE_FAMILY = 1;
			};
			name = Debug;
		};
		4F75CFDA26BAC6C600C681DA /* Release */ = {
			isa = XCBuildConfiguration;
			baseConfigurationReference = 08161181B8200AE19FB4C153 /* Pods-LoginFlow_MVVM.release.xcconfig */;
			buildSettings = {
				ASSETCATALOG_COMPILER_APPICON_NAME = AppIcon;
				ASSETCATALOG_COMPILER_GLOBAL_ACCENT_COLOR_NAME = AccentColor;
				CODE_SIGN_STYLE = Automatic;
				DEVELOPMENT_TEAM = 5UP34YLW4N;
				INFOPLIST_FILE = LoginFlow_MVVM/Info.plist;
				LD_RUNPATH_SEARCH_PATHS = (
					"$(inherited)",
					"@executable_path/Frameworks",
				);
				PRODUCT_BUNDLE_IDENTIFIER = "com.mindfire.LoginFlow-MVVM";
				PRODUCT_NAME = "$(TARGET_NAME)";
				SWIFT_VERSION = 5.0;
				TARGETED_DEVICE_FAMILY = 1;
			};
			name = Release;
		};
/* End XCBuildConfiguration section */

/* Begin XCConfigurationList section */
		4F75CFBF26BAC6C000C681DA /* Build configuration list for PBXProject "LoginFlow_MVVM" */ = {
			isa = XCConfigurationList;
			buildConfigurations = (
				4F75CFD626BAC6C600C681DA /* Debug */,
				4F75CFD726BAC6C600C681DA /* Release */,
			);
			defaultConfigurationIsVisible = 0;
			defaultConfigurationName = Release;
		};
		4F75CFD826BAC6C600C681DA /* Build configuration list for PBXNativeTarget "LoginFlow_MVVM" */ = {
			isa = XCConfigurationList;
			buildConfigurations = (
				4F75CFD926BAC6C600C681DA /* Debug */,
				4F75CFDA26BAC6C600C681DA /* Release */,
			);
			defaultConfigurationIsVisible = 0;
			defaultConfigurationName = Release;
		};
/* End XCConfigurationList section */
	};
	rootObject = 4F75CFBC26BAC6C000C681DA /* Project object */;
}
